
Microsoft Visual Studio Solution File, Format Version 12.00
# Visual Studio Version 17
VisualStudioVersion = 17.0.32014.148
MinimumVisualStudioVersion = 10.0.40219.1
Project("{FAE04EC0-301F-11D3-BF4B-00C04F79EFBC}") = "StudentAndCourse", "StudentAndCourse\StudentAndCourse.csproj", "{BF8AF481-CECC-44AE-AE80-C78DD698C0BD}"
EndProject
Global
	GlobalSection(SolutionConfigurationPlatforms) = preSolution
		Debug|Any CPU = Debug|Any CPU
		Release|Any CPU = Release|Any CPU
	EndGlobalSection
	GlobalSection(ProjectConfigurationPlatforms) = postSolution
		{BF8AF481-CECC-44AE-AE80-C78DD698C0BD}.Debug|Any CPU.ActiveCfg = Debug|Any CPU
		{BF8AF481-CECC-44AE-AE80-C78DD698C0BD}.Debug|Any CPU.Build.0 = Debug|Any CPU
		{BF8AF481-CECC-44AE-AE80-C78DD698C0BD}.Release|Any CPU.ActiveCfg = Release|Any CPU
		{BF8AF481-CECC-44AE-AE80-C78DD698C0BD}.Release|Any CPU.Build.0 = Release|Any CPU
	EndGlobalSection
	GlobalSection(SolutionProperties) = preSolution
		HideSolutionNode = FALSE
	EndGlobalSection
	GlobalSection(ExtensibilityGlobals) = postSolution
		SolutionGuid = {52EEF49B-77EA-4574-8E0A-81EB819610C8}
	EndGlobalSection
EndGlobal
